// !$*UTF8*$!
{
	archiveVersion = 1;
	classes = {
	};
	objectVersion = 50;
	objects = {

/* Begin PBXBuildFile section */
		E3480C5024B65A5A007B7D19 /* AppDelegate.swift in Sources */ = {isa = PBXBuildFile; fileRef = E3480C4F24B65A5A007B7D19 /* AppDelegate.swift */; };
		E3480C5824B65A5A007B7D19 /* GameViewController.swift in Sources */ = {isa = PBXBuildFile; fileRef = E3480C5724B65A5A007B7D19 /* GameViewController.swift */; };
		E3480C5B24B65A5A007B7D19 /* Main.storyboard in Resources */ = {isa = PBXBuildFile; fileRef = E3480C5924B65A5A007B7D19 /* Main.storyboard */; };
		E3480C5D24B65A5F007B7D19 /* Assets.xcassets in Resources */ = {isa = PBXBuildFile; fileRef = E3480C5C24B65A5F007B7D19 /* Assets.xcassets */; };
		E3480C6024B65A5F007B7D19 /* LaunchScreen.storyboard in Resources */ = {isa = PBXBuildFile; fileRef = E3480C5E24B65A5F007B7D19 /* LaunchScreen.storyboard */; };
		E3480C6E24B65E25007B7D19 /* GameScene.swift in Sources */ = {isa = PBXBuildFile; fileRef = E3480C6D24B65E25007B7D19 /* GameScene.swift */; };
		E3480C7124B65F5A007B7D19 /* Ground.swift in Sources */ = {isa = PBXBuildFile; fileRef = E3480C7024B65F5A007B7D19 /* Ground.swift */; };
		E3480C7324B6657F007B7D19 /* Player.swift in Sources */ = {isa = PBXBuildFile; fileRef = E3480C7224B6657F007B7D19 /* Player.swift */; };
		E3480C7724B6F964007B7D19 /* Cloud.swift in Sources */ = {isa = PBXBuildFile; fileRef = E3480C7624B6F964007B7D19 /* Cloud.swift */; };
		E3480C7A24B6FCC3007B7D19 /* Types.swift in Sources */ = {isa = PBXBuildFile; fileRef = E3480C7924B6FCC3007B7D19 /* Types.swift */; };
		E3480C7C24B70EB7007B7D19 /* HeadUpDisplay.swift in Sources */ = {isa = PBXBuildFile; fileRef = E3480C7B24B70EB7007B7D19 /* HeadUpDisplay.swift */; };
		E3480C7F24B71067007B7D19 /* All The Roll - Personal Use.otf in Resources */ = {isa = PBXBuildFile; fileRef = E3480C7E24B71067007B7D19 /* All The Roll - Personal Use.otf */; };
		E3480C8124B7191D007B7D19 /* ScoreGenerator.swift in Sources */ = {isa = PBXBuildFile; fileRef = E3480C8024B7191D007B7D19 /* ScoreGenerator.swift */; };
/* End PBXBuildFile section */

/* Begin PBXFileReference section */
		E3480C4C24B65A5A007B7D19 /* NinjaRun.app */ = {isa = PBXFileReference; explicitFileType = wrapper.application; includeInIndex = 0; path = NinjaRun.app; sourceTree = BUILT_PRODUCTS_DIR; };
		E3480C4F24B65A5A007B7D19 /* AppDelegate.swift */ = {isa = PBXFileReference; lastKnownFileType = sourcecode.swift; path = AppDelegate.swift; sourceTree = "<group>"; };
		E3480C5724B65A5A007B7D19 /* GameViewController.swift */ = {isa = PBXFileReference; lastKnownFileType = sourcecode.swift; path = GameViewController.swift; sourceTree = "<group>"; };
		E3480C5A24B65A5A007B7D19 /* Base */ = {isa = PBXFileReference; lastKnownFileType = file.storyboard; name = Base; path = Base.lproj/Main.storyboard; sourceTree = "<group>"; };
		E3480C5C24B65A5F007B7D19 /* Assets.xcassets */ = {isa = PBXFileReference; lastKnownFileType = folder.assetcatalog; path = Assets.xcassets; sourceTree = "<group>"; };
		E3480C5F24B65A5F007B7D19 /* Base */ = {isa = PBXFileReference; lastKnownFileType = file.storyboard; name = Base; path = Base.lproj/LaunchScreen.storyboard; sourceTree = "<group>"; };
		E3480C6124B65A5F007B7D19 /* Info.plist */ = {isa = PBXFileReference; lastKnownFileType = text.plist.xml; path = Info.plist; sourceTree = "<group>"; };
		E3480C6D24B65E25007B7D19 /* GameScene.swift */ = {isa = PBXFileReference; lastKnownFileType = sourcecode.swift; path = GameScene.swift; sourceTree = "<group>"; };
		E3480C7024B65F5A007B7D19 /* Ground.swift */ = {isa = PBXFileReference; lastKnownFileType = sourcecode.swift; path = Ground.swift; sourceTree = "<group>"; };
		E3480C7224B6657F007B7D19 /* Player.swift */ = {isa = PBXFileReference; lastKnownFileType = sourcecode.swift; path = Player.swift; sourceTree = "<group>"; };
		E3480C7624B6F964007B7D19 /* Cloud.swift */ = {isa = PBXFileReference; lastKnownFileType = sourcecode.swift; path = Cloud.swift; sourceTree = "<group>"; };
		E3480C7924B6FCC3007B7D19 /* Types.swift */ = {isa = PBXFileReference; lastKnownFileType = sourcecode.swift; path = Types.swift; sourceTree = "<group>"; };
		E3480C7B24B70EB7007B7D19 /* HeadUpDisplay.swift */ = {isa = PBXFileReference; lastKnownFileType = sourcecode.swift; path = HeadUpDisplay.swift; sourceTree = "<group>"; };
		E3480C7E24B71067007B7D19 /* All The Roll - Personal Use.otf */ = {isa = PBXFileReference; lastKnownFileType = file; path = "All The Roll - Personal Use.otf"; sourceTree = "<group>"; };
		E3480C8024B7191D007B7D19 /* ScoreGenerator.swift */ = {isa = PBXFileReference; lastKnownFileType = sourcecode.swift; path = ScoreGenerator.swift; sourceTree = "<group>"; };
/* End PBXFileReference section */

/* Begin PBXFrameworksBuildPhase section */
		E3480C4924B65A5A007B7D19 /* Frameworks */ = {
			isa = PBXFrameworksBuildPhase;
			buildActionMask = 2147483647;
			files = (
			);
			runOnlyForDeploymentPostprocessing = 0;
		};
/* End PBXFrameworksBuildPhase section */

/* Begin PBXGroup section */
		E3480C4324B65A59007B7D19 = {
			isa = PBXGroup;
			children = (
				E3480C4E24B65A5A007B7D19 /* NinjaRun */,
				E3480C4D24B65A5A007B7D19 /* Products */,
			);
			sourceTree = "<group>";
		};
		E3480C4D24B65A5A007B7D19 /* Products */ = {
			isa = PBXGroup;
			children = (
				E3480C4C24B65A5A007B7D19 /* NinjaRun.app */,
			);
			name = Products;
			sourceTree = "<group>";
		};
		E3480C4E24B65A5A007B7D19 /* NinjaRun */ = {
			isa = PBXGroup;
			children = (
				E3480C7D24B70FE2007B7D19 /* Fonts */,
				E3480C6F24B65F43007B7D19 /* Characters */,
				E3480C6A24B65CD6007B7D19 /* Helpers */,
				E3480C6924B65B5F007B7D19 /* Scenes */,
				E3480C6824B65B55007B7D19 /* Controllers */,
				E3480C6724B65AB4007B7D19 /* Resources */,
				E3480C4F24B65A5A007B7D19 /* AppDelegate.swift */,
			);
			path = NinjaRun;
			sourceTree = "<group>";
		};
		E3480C6724B65AB4007B7D19 /* Resources */ = {
			isa = PBXGroup;
			children = (
				E3480C5924B65A5A007B7D19 /* Main.storyboard */,
				E3480C5C24B65A5F007B7D19 /* Assets.xcassets */,
				E3480C5E24B65A5F007B7D19 /* LaunchScreen.storyboard */,
				E3480C6124B65A5F007B7D19 /* Info.plist */,
			);
			path = Resources;
			sourceTree = "<group>";
		};
		E3480C6824B65B55007B7D19 /* Controllers */ = {
			isa = PBXGroup;
			children = (
				E3480C5724B65A5A007B7D19 /* GameViewController.swift */,
			);
			path = Controllers;
			sourceTree = "<group>";
		};
		E3480C6924B65B5F007B7D19 /* Scenes */ = {
			isa = PBXGroup;
			children = (
				E3480C6D24B65E25007B7D19 /* GameScene.swift */,
			);
			path = Scenes;
			sourceTree = "<group>";
		};
		E3480C6A24B65CD6007B7D19 /* Helpers */ = {
			isa = PBXGroup;
			children = (
				E3480C7924B6FCC3007B7D19 /* Types.swift */,
			);
			path = Helpers;
			sourceTree = "<group>";
		};
		E3480C6F24B65F43007B7D19 /* Characters */ = {
			isa = PBXGroup;
			children = (
				E3480C7024B65F5A007B7D19 /* Ground.swift */,
				E3480C7224B6657F007B7D19 /* Player.swift */,
				E3480C7624B6F964007B7D19 /* Cloud.swift */,
				E3480C7B24B70EB7007B7D19 /* HeadUpDisplay.swift */,
				E3480C8024B7191D007B7D19 /* ScoreGenerator.swift */,
			);
			path = Characters;
			sourceTree = "<group>";
		};
		E3480C7D24B70FE2007B7D19 /* Fonts */ = {
			isa = PBXGroup;
			children = (
				E3480C7E24B71067007B7D19 /* All The Roll - Personal Use.otf */,
			);
			path = Fonts;
			sourceTree = "<group>";
		};
/* End PBXGroup section */

/* Begin PBXNativeTarget section */
		E3480C4B24B65A5A007B7D19 /* NinjaRun */ = {
			isa = PBXNativeTarget;
			buildConfigurationList = E3480C6424B65A5F007B7D19 /* Build configuration list for PBXNativeTarget "NinjaRun" */;
			buildPhases = (
				E3480C4824B65A5A007B7D19 /* Sources */,
				E3480C4924B65A5A007B7D19 /* Frameworks */,
				E3480C4A24B65A5A007B7D19 /* Resources */,
			);
			buildRules = (
			);
			dependencies = (
			);
			name = NinjaRun;
			productName = NinjaRun;
			productReference = E3480C4C24B65A5A007B7D19 /* NinjaRun.app */;
			productType = "com.apple.product-type.application";
		};
/* End PBXNativeTarget section */

/* Begin PBXProject section */
		E3480C4424B65A5A007B7D19 /* Project object */ = {
			isa = PBXProject;
			attributes = {
				LastSwiftUpdateCheck = 1150;
				LastUpgradeCheck = 1150;
				ORGANIZATIONNAME = "Yauheni Bunas";
				TargetAttributes = {
					E3480C4B24B65A5A007B7D19 = {
						CreatedOnToolsVersion = 11.5;
					};
				};
			};
			buildConfigurationList = E3480C4724B65A5A007B7D19 /* Build configuration list for PBXProject "NinjaRun" */;
			compatibilityVersion = "Xcode 9.3";
			developmentRegion = en;
			hasScannedForEncodings = 0;
			knownRegions = (
				en,
				Base,
			);
			mainGroup = E3480C4324B65A59007B7D19;
			productRefGroup = E3480C4D24B65A5A007B7D19 /* Products */;
			projectDirPath = "";
			projectRoot = "";
			targets = (
				E3480C4B24B65A5A007B7D19 /* NinjaRun */,
			);
		};
/* End PBXProject section */

/* Begin PBXResourcesBuildPhase section */
		E3480C4A24B65A5A007B7D19 /* Resources */ = {
			isa = PBXResourcesBuildPhase;
			buildActionMask = 2147483647;
			files = (
				E3480C5B24B65A5A007B7D19 /* Main.storyboard in Resources */,
				E3480C5D24B65A5F007B7D19 /* Assets.xcassets in Resources */,
				E3480C6024B65A5F007B7D19 /* LaunchScreen.storyboard in Resources */,
				E3480C7F24B71067007B7D19 /* All The Roll - Personal Use.otf in Resources */,
			);
			runOnlyForDeploymentPostprocessing = 0;
		};
/* End PBXResourcesBuildPhase section */

/* Begin PBXSourcesBuildPhase section */
		E3480C4824B65A5A007B7D19 /* Sources */ = {
			isa = PBXSourcesBuildPhase;
			buildActionMask = 2147483647;
			files = (
				E3480C7C24B70EB7007B7D19 /* HeadUpDisplay.swift in Sources */,
				E3480C5824B65A5A007B7D19 /* GameViewController.swift in Sources */,
				E3480C6E24B65E25007B7D19 /* GameScene.swift in Sources */,
				E3480C5024B65A5A007B7D19 /* AppDelegate.swift in Sources */,
				E3480C8124B7191D007B7D19 /* ScoreGenerator.swift in Sources */,
				E3480C7724B6F964007B7D19 /* Cloud.swift in Sources */,
				E3480C7A24B6FCC3007B7D19 /* Types.swift in Sources */,
				E3480C7324B6657F007B7D19 /* Player.swift in Sources */,
				E3480C7124B65F5A007B7D19 /* Ground.swift in Sources */,
			);
			runOnlyForDeploymentPostprocessing = 0;
		};
/* End PBXSourcesBuildPhase section */

/* Begin PBXVariantGroup section */
		E3480C5924B65A5A007B7D19 /* Main.storyboard */ = {
			isa = PBXVariantGroup;
			children = (
				E3480C5A24B65A5A007B7D19 /* Base */,
			);
			name = Main.storyboard;
			sourceTree = "<group>";
		};
		E3480C5E24B65A5F007B7D19 /* LaunchScreen.storyboard */ = {
			isa = PBXVariantGroup;
			children = (
				E3480C5F24B65A5F007B7D19 /* Base */,
			);
			name = LaunchScreen.storyboard;
			sourceTree = "<group>";
		};
/* End PBXVariantGroup section */

/* Begin XCBuildConfiguration section */
		E3480C6224B65A5F007B7D19 /* Debug */ = {
			isa = XCBuildConfiguration;
			buildSettings = {
				ALWAYS_SEARCH_USER_PATHS = NO;
				CLANG_ANALYZER_NONNULL = YES;
				CLANG_ANALYZER_NUMBER_OBJECT_CONVERSION = YES_AGGRESSIVE;
				CLANG_CXX_LANGUAGE_STANDARD = "gnu++14";
				CLANG_CXX_LIBRARY = "libc++";
				CLANG_ENABLE_MODULES = YES;
				CLANG_ENABLE_OBJC_ARC = YES;
				CLANG_ENABLE_OBJC_WEAK = YES;
				CLANG_WARN_BLOCK_CAPTURE_AUTORELEASING = YES;
				CLANG_WARN_BOOL_CONVERSION = YES;
				CLANG_WARN_COMMA = YES;
				CLANG_WARN_CONSTANT_CONVERSION = YES;
				CLANG_WARN_DEPRECATED_OBJC_IMPLEMENTATIONS = YES;
				CLANG_WARN_DIRECT_OBJC_ISA_USAGE = YES_ERROR;
				CLANG_WARN_DOCUMENTATION_COMMENTS = YES;
				CLANG_WARN_EMPTY_BODY = YES;
				CLANG_WARN_ENUM_CONVERSION = YES;
				CLANG_WARN_INFINITE_RECURSION = YES;
				CLANG_WARN_INT_CONVERSION = YES;
				CLANG_WARN_NON_LITERAL_NULL_CONVERSION = YES;
				CLANG_WARN_OBJC_IMPLICIT_RETAIN_SELF = YES;
				CLANG_WARN_OBJC_LITERAL_CONVERSION = YES;
				CLANG_WARN_OBJC_ROOT_CLASS = YES_ERROR;
				CLANG_WARN_RANGE_LOOP_ANALYSIS = YES;
				CLANG_WARN_STRICT_PROTOTYPES = YES;
				CLANG_WARN_SUSPICIOUS_MOVE = YES;
				CLANG_WARN_UNGUARDED_AVAILABILITY = YES_AGGRESSIVE;
				CLANG_WARN_UNREACHABLE_CODE = YES;
				CLANG_WARN__DUPLICATE_METHOD_MATCH = YES;
				COPY_PHASE_STRIP = NO;
				DEBUG_INFORMATION_FORMAT = dwarf;
				ENABLE_STRICT_OBJC_MSGSEND = YES;
				ENABLE_TESTABILITY = YES;
				GCC_C_LANGUAGE_STANDARD = gnu11;
				GCC_DYNAMIC_NO_PIC = NO;
				GCC_NO_COMMON_BLOCKS = YES;
				GCC_OPTIMIZATION_LEVEL = 0;
				GCC_PREPROCESSOR_DEFINITIONS = (
					"DEBUG=1",
					"$(inherited)",
				);
				GCC_WARN_64_TO_32_BIT_CONVERSION = YES;
				GCC_WARN_ABOUT_RETURN_TYPE = YES_ERROR;
				GCC_WARN_UNDECLARED_SELECTOR = YES;
				GCC_WARN_UNINITIALIZED_AUTOS = YES_AGGRESSIVE;
				GCC_WARN_UNUSED_FUNCTION = YES;
				GCC_WARN_UNUSED_VARIABLE = YES;
				IPHONEOS_DEPLOYMENT_TARGET = 13.5;
				MTL_ENABLE_DEBUG_INFO = INCLUDE_SOURCE;
				MTL_FAST_MATH = YES;
				ONLY_ACTIVE_ARCH = YES;
				SDKROOT = iphoneos;
				SWIFT_ACTIVE_COMPILATION_CONDITIONS = DEBUG;
				SWIFT_OPTIMIZATION_LEVEL = "-Onone";
			};
			name = Debug;
		};
		E3480C6324B65A5F007B7D19 /* Release */ = {
			isa = XCBuildConfiguration;
			buildSettings = {
				ALWAYS_SEARCH_USER_PATHS = NO;
				CLANG_ANALYZER_NONNULL = YES;
				CLANG_ANALYZER_NUMBER_OBJECT_CONVERSION = YES_AGGRESSIVE;
				CLANG_CXX_LANGUAGE_STANDARD = "gnu++14";
				CLANG_CXX_LIBRARY = "libc++";
				CLANG_ENABLE_MODULES = YES;
				CLANG_ENABLE_OBJC_ARC = YES;
				CLANG_ENABLE_OBJC_WEAK = YES;
				CLANG_WARN_BLOCK_CAPTURE_AUTORELEASING = YES;
				CLANG_WARN_BOOL_CONVERSION = YES;
				CLANG_WARN_COMMA = YES;
				CLANG_WARN_CONSTANT_CONVERSION = YES;
				CLANG_WARN_DEPRECATED_OBJC_IMPLEMENTATIONS = YES;
				CLANG_WARN_DIRECT_OBJC_ISA_USAGE = YES_ERROR;
				CLANG_WARN_DOCUMENTATION_COMMENTS = YES;
				CLANG_WARN_EMPTY_BODY = YES;
				CLANG_WARN_ENUM_CONVERSION = YES;
				CLANG_WARN_INFINITE_RECURSION = YES;
				CLANG_WARN_INT_CONVERSION = YES;
				CLANG_WARN_NON_LITERAL_NULL_CONVERSION = YES;
				CLANG_WARN_OBJC_IMPLICIT_RETAIN_SELF = YES;
				CLANG_WARN_OBJC_LITERAL_CONVERSION = YES;
				CLANG_WARN_OBJC_ROOT_CLASS = YES_ERROR;
				CLANG_WARN_RANGE_LOOP_ANALYSIS = YES;
				CLANG_WARN_STRICT_PROTOTYPES = YES;
				CLANG_WARN_SUSPICIOUS_MOVE = YES;
				CLANG_WARN_UNGUARDED_AVAILABILITY = YES_AGGRESSIVE;
				CLANG_WARN_UNREACHABLE_CODE = YES;
				CLANG_WARN__DUPLICATE_METHOD_MATCH = YES;
				COPY_PHASE_STRIP = NO;
				DEBUG_INFORMATION_FORMAT = "dwarf-with-dsym";
				ENABLE_NS_ASSERTIONS = NO;
				ENABLE_STRICT_OBJC_MSGSEND = YES;
				GCC_C_LANGUAGE_STANDARD = gnu11;
				GCC_NO_COMMON_BLOCKS = YES;
				GCC_WARN_64_TO_32_BIT_CONVERSION = YES;
				GCC_WARN_ABOUT_RETURN_TYPE = YES_ERROR;
				GCC_WARN_UNDECLARED_SELECTOR = YES;
				GCC_WARN_UNINITIALIZED_AUTOS = YES_AGGRESSIVE;
				GCC_WARN_UNUSED_FUNCTION = YES;
				GCC_WARN_UNUSED_VARIABLE = YES;
				IPHONEOS_DEPLOYMENT_TARGET = 13.5;
				MTL_ENABLE_DEBUG_INFO = NO;
				MTL_FAST_MATH = YES;
				SDKROOT = iphoneos;
				SWIFT_COMPILATION_MODE = wholemodule;
				SWIFT_OPTIMIZATION_LEVEL = "-O";
				VALIDATE_PRODUCT = YES;
			};
			name = Release;
		};
		E3480C6524B65A5F007B7D19 /* Debug */ = {
			isa = XCBuildConfiguration;
			buildSettings = {
				ASSETCATALOG_COMPILER_APPICON_NAME = AppIcon;
				CODE_SIGN_STYLE = Automatic;
				DEVELOPMENT_TEAM = 3PYAHU7CY6;
				INFOPLIST_FILE = NinjaRun/Resources/Info.plist;
				LD_RUNPATH_SEARCH_PATHS = (
					"$(inherited)",
					"@executable_path/Frameworks",
				);
				PRODUCT_BUNDLE_IDENTIFIER = y.bunas.NinjaRun;
				PRODUCT_NAME = "$(TARGET_NAME)";
				SWIFT_VERSION = 5.0;
				TARGETED_DEVICE_FAMILY = "1,2";
			};
			name = Debug;
		};
		E3480C6624B65A5F007B7D19 /* Release */ = {
			isa = XCBuildConfiguration;
			buildSettings = {
				ASSETCATALOG_COMPILER_APPICON_NAME = AppIcon;
				CODE_SIGN_STYLE = Automatic;
				DEVELOPMENT_TEAM = 3PYAHU7CY6;
				INFOPLIST_FILE = NinjaRun/Resources/Info.plist;
				LD_RUNPATH_SEARCH_PATHS = (
					"$(inherited)",
					"@executable_path/Frameworks",
				);
				PRODUCT_BUNDLE_IDENTIFIER = y.bunas.NinjaRun;
				PRODUCT_NAME = "$(TARGET_NAME)";
				SWIFT_VERSION = 5.0;
				TARGETED_DEVICE_FAMILY = "1,2";
			};
			name = Release;
		};
/* End XCBuildConfiguration section */

/* Begin XCConfigurationList section */
		E3480C4724B65A5A007B7D19 /* Build configuration list for PBXProject "NinjaRun" */ = {
			isa = XCConfigurationList;
			buildConfigurations = (
				E3480C6224B65A5F007B7D19 /* Debug */,
				E3480C6324B65A5F007B7D19 /* Release */,
			);
			defaultConfigurationIsVisible = 0;
			defaultConfigurationName = Release;
		};
		E3480C6424B65A5F007B7D19 /* Build configuration list for PBXNativeTarget "NinjaRun" */ = {
			isa = XCConfigurationList;
			buildConfigurations = (
				E3480C6524B65A5F007B7D19 /* Debug */,
				E3480C6624B65A5F007B7D19 /* Release */,
			);
			defaultConfigurationIsVisible = 0;
			defaultConfigurationName = Release;
		};
/* End XCConfigurationList section */
	};
	rootObject = E3480C4424B65A5A007B7D19 /* Project object */;
}
